
Microsoft Visual Studio Solution File, Format Version 12.00
# Visual Studio 15
VisualStudioVersion = 15.0.27428.2027
MinimumVisualStudioVersion = 10.0.40219.1
Project("{FAE04EC0-301F-11D3-BF4B-00C04F79EFBC}") = "MyProducts", "MyProducts\MyProducts.csproj", "{21AF9ECD-7058-4F99-BE4F-A150A164070C}"
EndProject
Global
	GlobalSection(SolutionConfigurationPlatforms) = preSolution
		Debug|Any CPU = Debug|Any CPU
		Release|Any CPU = Release|Any CPU
	EndGlobalSection
	GlobalSection(ProjectConfigurationPlatforms) = postSolution
		{21AF9ECD-7058-4F99-BE4F-A150A164070C}.Debug|Any CPU.ActiveCfg = Debug|Any CPU
		{21AF9ECD-7058-4F99-BE4F-A150A164070C}.Debug|Any CPU.Build.0 = Debug|Any CPU
		{21AF9ECD-7058-4F99-BE4F-A150A164070C}.Release|Any CPU.ActiveCfg = Release|Any CPU
		{21AF9ECD-7058-4F99-BE4F-A150A164070C}.Release|Any CPU.Build.0 = Release|Any CPU
	EndGlobalSection
	GlobalSection(SolutionProperties) = preSolution
		HideSolutionNode = FALSE
	EndGlobalSection
	GlobalSection(ExtensibilityGlobals) = postSolution
		SolutionGuid = {EEDA8E6A-3E39-4265-BD58-1746C08E6CA6}
	EndGlobalSection
EndGlobal
